
Microsoft Visual Studio Solution File, Format Version 12.00
# Visual Studio 15
Project("{FAE04EC0-301F-11D3-BF4B-00C04F79EFBC}") = "Assembly-CSharp", "Assembly-CSharp.csproj", "{60BC2379-6A62-C903-A5AE-0B515A46D2BC}"
EndProject
Project("{FAE04EC0-301F-11D3-BF4B-00C04F79EFBC}") = "Assembly-CSharp-Editor", "Assembly-CSharp-Editor.csproj", "{F443D389-1730-1E02-49B7-4774B9A855DE}"
EndProject
Global
	GlobalSection(SolutionConfigurationPlatforms) = preSolution
		Debug|Any CPU = Debug|Any CPU
		Release|Any CPU = Release|Any CPU
	EndGlobalSection
	GlobalSection(ProjectConfigurationPlatforms) = postSolution
		{60BC2379-6A62-C903-A5AE-0B515A46D2BC}.Debug|Any CPU.ActiveCfg = Debug|Any CPU
		{60BC2379-6A62-C903-A5AE-0B515A46D2BC}.Debug|Any CPU.Build.0 = Debug|Any CPU
		{60BC2379-6A62-C903-A5AE-0B515A46D2BC}.Release|Any CPU.ActiveCfg = Release|Any CPU
		{60BC2379-6A62-C903-A5AE-0B515A46D2BC}.Release|Any CPU.Build.0 = Release|Any CPU
		{F443D389-1730-1E02-49B7-4774B9A855DE}.Debug|Any CPU.ActiveCfg = Debug|Any CPU
		{F443D389-1730-1E02-49B7-4774B9A855DE}.Debug|Any CPU.Build.0 = Debug|Any CPU
		{F443D389-1730-1E02-49B7-4774B9A855DE}.Release|Any CPU.ActiveCfg = Release|Any CPU
		{F443D389-1730-1E02-49B7-4774B9A855DE}.Release|Any CPU.Build.0 = Release|Any CPU
	EndGlobalSection
	GlobalSection(SolutionProperties) = preSolution
		HideSolutionNode = FALSE
	EndGlobalSection
EndGlobal
